<?xml version="1.0" encoding="utf-8"?>
<Project ToolsVersion="4.0" xmlns="http://schemas.microsoft.com/developer/msbuild/2003">
  <ItemGroup>
    <Filter Include="Source Files">
      <UniqueIdentifier>{4FC737F1-C7A5-4376-A066-2A32D752A2FF}</UniqueIdentifier>
      <Extensions>cpp;c;cc;cxx;def;odl;idl;hpj;bat;asm;asmx</Extensions>
    </Filter>
    <Filter Include="Header Files">
      <UniqueIdentifier>{93995380-89BD-4b04-88EB-625FBE52EBFB}</UniqueIdentifier>
      <Extensions>h;hh;hpp;hxx;hm;inl;inc;xsd</Extensions>
    </Filter>
    <Filter Include="Resource Files">
      <UniqueIdentifier>{67DA6AB6-F800-4c08-8B7A-83BB121AAD01}</UniqueIdentifier>
      <Extensions>rc;ico;cur;bmp;dlg;rc2;rct;bin;rgs;gif;jpg;jpeg;jpe;resx;tiff;tif;png;wav</Extensions>
    </Filter>
  </ItemGroup>
  <ItemGroup>
    <ClCompile Include="cli.cpp">
      <Filter>Source Files</Filter>
    </ClCompile>
    <ClCompile Include="main.cpp">
      <Filter>Source Files</Filter>
    </ClCompile>
    <ClCompile Include="movepicker.cpp">
      <Filter>Source Files</Filter>
    </ClCompile>
    <ClCompile Include="perft.cpp">
      <Filter>Source Files</Filter>
    </ClCompile>
    <ClCompile Include="searchstack.cpp">
      <Filter>Source Files</Filter>
    </ClCompile>
    <ClCompile Include="tree.cpp">
      <Filter>Source Files</Filter>
    </ClCompile>
    <ClCompile Include="tt.cpp">
      <Filter>Source Files</Filter>
    </ClCompile>
    <ClCompile Include="zobrist.cpp">
      <Filter>Source Files</Filter>
    </ClCompile>
    <ClCompile Include="board\board.cpp">
      <Filter>Source Files</Filter>
    </ClCompile>
    <ClCompile Include="board\board_moves.cpp">
      <Filter>Source Files</Filter>
    </ClCompile>
    <ClCompile Include="board\load_fen.cpp">
      <Filter>Source Files</Filter>
    </ClCompile>
    <ClCompile Include="board\see.cpp">
      <Filter>Source Files</Filter>
    </ClCompile>
    <ClCompile Include="board\validate.cpp">
      <Filter>Source Files</Filter>
    </ClCompile>
    <ClCompile Include="core\eval.cpp">
      <Filter>Source Files</Filter>
    </ClCompile>
    <ClCompile Include="core\searchworker.cpp">
      <Filter>Source Files</Filter>
    </ClCompile>
    <ClCompile Include="movgen\attack.cpp">
      <Filter>Source Files</Filter>
    </ClCompile>
    <ClCompile Include="movgen\generate.cpp">
      <Filter>Source Files</Filter>
    </ClCompile>
    <ClCompile Include="movgen\magic.cpp">
      <Filter>Source Files</Filter>
    </ClCompile>
    <ClCompile Include="primitives\utility.cpp">
      <Filter>Source Files</Filter>
    </ClCompile>
    <ClCompile Include="nnue\misc.cpp">
      <Filter>Source Files</Filter>
    </ClCompile>
    <ClCompile Include="nnue\nnue.cpp">
      <Filter>Source Files</Filter>
    </ClCompile>
  </ItemGroup>
  <ItemGroup>
    <ClInclude Include="cli.hpp">
      <Filter>Header Files</Filter>
    </ClInclude>
    <ClInclude Include="movepicker.hpp">
      <Filter>Header Files</Filter>
    </ClInclude>
    <ClInclude Include="parse_helpers.hpp">
      <Filter>Header Files</Filter>
    </ClInclude>
    <ClInclude Include="perft.hpp">
      <Filter>Header Files</Filter>
    </ClInclude>
    <ClInclude Include="searchstack.hpp">
      <Filter>Header Files</Filter>
    </ClInclude>
    <ClInclude Include="tree.hpp">
      <Filter>Header Files</Filter>
    </ClInclude>
    <ClInclude Include="tt.hpp">
      <Filter>Header Files</Filter>
    </ClInclude>
    <ClInclude Include="zobrist.hpp">
      <Filter>Header Files</Filter>
    </ClInclude>
    <ClInclude Include="board\board.hpp">
      <Filter>Header Files</Filter>
    </ClInclude>
    <ClInclude Include="core\eval.hpp">
      <Filter>Header Files</Filter>
    </ClInclude>
    <ClInclude Include="core\routine.hpp">
      <Filter>Header Files</Filter>
    </ClInclude>
    <ClInclude Include="core\searchworker.hpp">
      <Filter>Header Files</Filter>
    </ClInclude>
    <ClInclude Include="core\search_common.hpp">
      <Filter>Header Files</Filter>
    </ClInclude>
    <ClInclude Include="movgen\attack.hpp">
      <Filter>Header Files</Filter>
    </ClInclude>
    <ClInclude Include="movgen\generate.hpp">
      <Filter>Header Files</Filter>
    </ClInclude>
    <ClInclude Include="primitives\bitboard.hpp">
      <Filter>Header Files</Filter>
    </ClInclude>
    <ClInclude Include="primitives\common.hpp">
      <Filter>Header Files</Filter>
    </ClInclude>
    <ClInclude Include="primitives\utility.hpp">
      <Filter>Header Files</Filter>
    </ClInclude>
    <ClInclude Include="nnue\misc.h">
      <Filter>Header Files</Filter>
    </ClInclude>
    <ClInclude Include="nnue\nnue.h">
      <Filter>Header Files</Filter>
    </ClInclude>
  </ItemGroup>
</Project>